
Microsoft Visual Studio Solution File, Format Version 12.00
# Visual Studio Version 17
VisualStudioVersion = 17.12.35527.113 d17.12
MinimumVisualStudioVersion = 10.0.40219.1
Project("{FAE04EC0-301F-11D3-BF4B-00C04F79EFBC}") = "FetchSignal.API", "FetchSignal.API\FetchSignal.API.csproj", "{B3413EBB-B304-42D0-AE3C-D9E518F4D950}"
EndProject
Project("{FAE04EC0-301F-11D3-BF4B-00C04F79EFBC}") = "FetchSignal.Application", "FetchSignal.Application\FetchSignal.Application.csproj", "{7B16ADD6-577D-4092-81FF-0C2FA683785C}"
EndProject
Project("{FAE04EC0-301F-11D3-BF4B-00C04F79EFBC}") = "FetchSignal.Infrastructure", "FetchSignal.Infrastructure\FetchSignal.Infrastructure.csproj", "{657704DB-DBA0-4129-8D43-5F90CE5D2D79}"
EndProject
Project("{FAE04EC0-301F-11D3-BF4B-00C04F79EFBC}") = "FetchSignal.Domain", "FetchSignal.Domain\FetchSignal.Domain.csproj", "{D6A64848-305D-46DE-8289-08F79316B099}"
EndProject
Global
	GlobalSection(SolutionConfigurationPlatforms) = preSolution
		Debug|Any CPU = Debug|Any CPU
		Release|Any CPU = Release|Any CPU
	EndGlobalSection
	GlobalSection(ProjectConfigurationPlatforms) = postSolution
		{B3413EBB-B304-42D0-AE3C-D9E518F4D950}.Debug|Any CPU.ActiveCfg = Debug|Any CPU
		{B3413EBB-B304-42D0-AE3C-D9E518F4D950}.Debug|Any CPU.Build.0 = Debug|Any CPU
		{B3413EBB-B304-42D0-AE3C-D9E518F4D950}.Release|Any CPU.ActiveCfg = Release|Any CPU
		{B3413EBB-B304-42D0-AE3C-D9E518F4D950}.Release|Any CPU.Build.0 = Release|Any CPU
		{7B16ADD6-577D-4092-81FF-0C2FA683785C}.Debug|Any CPU.ActiveCfg = Debug|Any CPU
		{7B16ADD6-577D-4092-81FF-0C2FA683785C}.Debug|Any CPU.Build.0 = Debug|Any CPU
		{7B16ADD6-577D-4092-81FF-0C2FA683785C}.Release|Any CPU.ActiveCfg = Release|Any CPU
		{7B16ADD6-577D-4092-81FF-0C2FA683785C}.Release|Any CPU.Build.0 = Release|Any CPU
		{657704DB-DBA0-4129-8D43-5F90CE5D2D79}.Debug|Any CPU.ActiveCfg = Debug|Any CPU
		{657704DB-DBA0-4129-8D43-5F90CE5D2D79}.Debug|Any CPU.Build.0 = Debug|Any CPU
		{657704DB-DBA0-4129-8D43-5F90CE5D2D79}.Release|Any CPU.ActiveCfg = Release|Any CPU
		{657704DB-DBA0-4129-8D43-5F90CE5D2D79}.Release|Any CPU.Build.0 = Release|Any CPU
		{D6A64848-305D-46DE-8289-08F79316B099}.Debug|Any CPU.ActiveCfg = Debug|Any CPU
		{D6A64848-305D-46DE-8289-08F79316B099}.Debug|Any CPU.Build.0 = Debug|Any CPU
		{D6A64848-305D-46DE-8289-08F79316B099}.Release|Any CPU.ActiveCfg = Release|Any CPU
		{D6A64848-305D-46DE-8289-08F79316B099}.Release|Any CPU.Build.0 = Release|Any CPU
	EndGlobalSection
	GlobalSection(SolutionProperties) = preSolution
		HideSolutionNode = FALSE
	EndGlobalSection
EndGlobal
